
Microsoft Visual Studio Solution File, Format Version 12.00
# Visual Studio Version 17
VisualStudioVersion = 17.7.34024.191
MinimumVisualStudioVersion = 10.0.40219.1
Project("{8BC9CEB8-8B4A-11D0-8D11-00A0C91BC942}") = "Task-1", "Task-1\Task-1.vcxproj", "{F07B395D-E3FA-4A11-A5A8-F31845D29DD1}"
EndProject
Project("{8BC9CEB8-8B4A-11D0-8D11-00A0C91BC942}") = "Task-2", "Task-2\Task-2.vcxproj", "{89AB2C7E-72A0-42E5-8B90-BD7FF4B9F2FD}"
EndProject
Project("{8BC9CEB8-8B4A-11D0-8D11-00A0C91BC942}") = "Task-3", "Task-3\Task-3.vcxproj", "{265BA2C6-76AB-4286-8D1C-8D311FB53BCC}"
EndProject
Project("{8BC9CEB8-8B4A-11D0-8D11-00A0C91BC942}") = "Task-4", "Task-4\Task-4.vcxproj", "{94A790D2-70B5-486C-9EC1-9213F98767CA}"
EndProject
Project("{8BC9CEB8-8B4A-11D0-8D11-00A0C91BC942}") = "Task-5", "Task-5\Task-5.vcxproj", "{0494419D-52E0-4389-AD5F-11148A96D82F}"
EndProject
Project("{8BC9CEB8-8B4A-11D0-8D11-00A0C91BC942}") = "Task-6", "Task-6\Task-6.vcxproj", "{FB35CABE-71FF-49BF-8A58-9909008821D3}"
EndProject
Project("{8BC9CEB8-8B4A-11D0-8D11-00A0C91BC942}") = "Task-8", "Task-8\Task-8.vcxproj", "{52C29199-56A6-464B-B7BF-71FD2C70C3ED}"
EndProject
Project("{8BC9CEB8-8B4A-11D0-8D11-00A0C91BC942}") = "Task-7", "Task-7\Task-7.vcxproj", "{F73AE13E-74C1-4751-A6BD-676782B66780}"
EndProject
Project("{8BC9CEB8-8B4A-11D0-8D11-00A0C91BC942}") = "Task-9", "Task-9\Task-9.vcxproj", "{2B375359-C86C-449A-BF7A-B166E5DD343B}"
EndProject
Global
	GlobalSection(SolutionConfigurationPlatforms) = preSolution
		Debug|x64 = Debug|x64
		Debug|x86 = Debug|x86
		Release|x64 = Release|x64
		Release|x86 = Release|x86
	EndGlobalSection
	GlobalSection(ProjectConfigurationPlatforms) = postSolution
		{F07B395D-E3FA-4A11-A5A8-F31845D29DD1}.Debug|x64.ActiveCfg = Debug|x64
		{F07B395D-E3FA-4A11-A5A8-F31845D29DD1}.Debug|x64.Build.0 = Debug|x64
		{F07B395D-E3FA-4A11-A5A8-F31845D29DD1}.Debug|x86.ActiveCfg = Debug|Win32
		{F07B395D-E3FA-4A11-A5A8-F31845D29DD1}.Debug|x86.Build.0 = Debug|Win32
		{F07B395D-E3FA-4A11-A5A8-F31845D29DD1}.Release|x64.ActiveCfg = Release|x64
		{F07B395D-E3FA-4A11-A5A8-F31845D29DD1}.Release|x64.Build.0 = Release|x64
		{F07B395D-E3FA-4A11-A5A8-F31845D29DD1}.Release|x86.ActiveCfg = Release|Win32
		{F07B395D-E3FA-4A11-A5A8-F31845D29DD1}.Release|x86.Build.0 = Release|Win32
		{89AB2C7E-72A0-42E5-8B90-BD7FF4B9F2FD}.Debug|x64.ActiveCfg = Debug|x64
		{89AB2C7E-72A0-42E5-8B90-BD7FF4B9F2FD}.Debug|x64.Build.0 = Debug|x64
		{89AB2C7E-72A0-42E5-8B90-BD7FF4B9F2FD}.Debug|x86.ActiveCfg = Debug|Win32
		{89AB2C7E-72A0-42E5-8B90-BD7FF4B9F2FD}.Debug|x86.Build.0 = Debug|Win32
		{89AB2C7E-72A0-42E5-8B90-BD7FF4B9F2FD}.Release|x64.ActiveCfg = Release|x64
		{89AB2C7E-72A0-42E5-8B90-BD7FF4B9F2FD}.Release|x64.Build.0 = Release|x64
		{89AB2C7E-72A0-42E5-8B90-BD7FF4B9F2FD}.Release|x86.ActiveCfg = Release|Win32
		{89AB2C7E-72A0-42E5-8B90-BD7FF4B9F2FD}.Release|x86.Build.0 = Release|Win32
		{265BA2C6-76AB-4286-8D1C-8D311FB53BCC}.Debug|x64.ActiveCfg = Debug|x64
		{265BA2C6-76AB-4286-8D1C-8D311FB53BCC}.Debug|x64.Build.0 = Debug|x64
		{265BA2C6-76AB-4286-8D1C-8D311FB53BCC}.Debug|x86.ActiveCfg = Debug|Win32
		{265BA2C6-76AB-4286-8D1C-8D311FB53BCC}.Debug|x86.Build.0 = Debug|Win32
		{265BA2C6-76AB-4286-8D1C-8D311FB53BCC}.Release|x64.ActiveCfg = Release|x64
		{265BA2C6-76AB-4286-8D1C-8D311FB53BCC}.Release|x64.Build.0 = Release|x64
		{265BA2C6-76AB-4286-8D1C-8D311FB53BCC}.Release|x86.ActiveCfg = Release|Win32
		{265BA2C6-76AB-4286-8D1C-8D311FB53BCC}.Release|x86.Build.0 = Release|Win32
		{94A790D2-70B5-486C-9EC1-9213F98767CA}.Debug|x64.ActiveCfg = Debug|x64
		{94A790D2-70B5-486C-9EC1-9213F98767CA}.Debug|x64.Build.0 = Debug|x64
		{94A790D2-70B5-486C-9EC1-9213F98767CA}.Debug|x86.ActiveCfg = Debug|Win32
		{94A790D2-70B5-486C-9EC1-9213F98767CA}.Debug|x86.Build.0 = Debug|Win32
		{94A790D2-70B5-486C-9EC1-9213F98767CA}.Release|x64.ActiveCfg = Release|x64
		{94A790D2-70B5-486C-9EC1-9213F98767CA}.Release|x64.Build.0 = Release|x64
		{94A790D2-70B5-486C-9EC1-9213F98767CA}.Release|x86.ActiveCfg = Release|Win32
		{94A790D2-70B5-486C-9EC1-9213F98767CA}.Release|x86.Build.0 = Release|Win32
		{0494419D-52E0-4389-AD5F-11148A96D82F}.Debug|x64.ActiveCfg = Debug|x64
		{0494419D-52E0-4389-AD5F-11148A96D82F}.Debug|x64.Build.0 = Debug|x64
		{0494419D-52E0-4389-AD5F-11148A96D82F}.Debug|x86.ActiveCfg = Debug|Win32
		{0494419D-52E0-4389-AD5F-11148A96D82F}.Debug|x86.Build.0 = Debug|Win32
		{0494419D-52E0-4389-AD5F-11148A96D82F}.Release|x64.ActiveCfg = Release|x64
		{0494419D-52E0-4389-AD5F-11148A96D82F}.Release|x64.Build.0 = Release|x64
		{0494419D-52E0-4389-AD5F-11148A96D82F}.Release|x86.ActiveCfg = Release|Win32
		{0494419D-52E0-4389-AD5F-11148A96D82F}.Release|x86.Build.0 = Release|Win32
		{FB35CABE-71FF-49BF-8A58-9909008821D3}.Debug|x64.ActiveCfg = Debug|x64
		{FB35CABE-71FF-49BF-8A58-9909008821D3}.Debug|x64.Build.0 = Debug|x64
		{FB35CABE-71FF-49BF-8A58-9909008821D3}.Debug|x86.ActiveCfg = Debug|Win32
		{FB35CABE-71FF-49BF-8A58-9909008821D3}.Debug|x86.Build.0 = Debug|Win32
		{FB35CABE-71FF-49BF-8A58-9909008821D3}.Release|x64.ActiveCfg = Release|x64
		{FB35CABE-71FF-49BF-8A58-9909008821D3}.Release|x64.Build.0 = Release|x64
		{FB35CABE-71FF-49BF-8A58-9909008821D3}.Release|x86.ActiveCfg = Release|Win32
		{FB35CABE-71FF-49BF-8A58-9909008821D3}.Release|x86.Build.0 = Release|Win32
		{52C29199-56A6-464B-B7BF-71FD2C70C3ED}.Debug|x64.ActiveCfg = Debug|x64
		{52C29199-56A6-464B-B7BF-71FD2C70C3ED}.Debug|x64.Build.0 = Debug|x64
		{52C29199-56A6-464B-B7BF-71FD2C70C3ED}.Debug|x86.ActiveCfg = Debug|Win32
		{52C29199-56A6-464B-B7BF-71FD2C70C3ED}.Debug|x86.Build.0 = Debug|Win32
		{52C29199-56A6-464B-B7BF-71FD2C70C3ED}.Release|x64.ActiveCfg = Release|x64
		{52C29199-56A6-464B-B7BF-71FD2C70C3ED}.Release|x64.Build.0 = Release|x64
		{52C29199-56A6-464B-B7BF-71FD2C70C3ED}.Release|x86.ActiveCfg = Release|Win32
		{52C29199-56A6-464B-B7BF-71FD2C70C3ED}.Release|x86.Build.0 = Release|Win32
		{F73AE13E-74C1-4751-A6BD-676782B66780}.Debug|x64.ActiveCfg = Debug|x64
		{F73AE13E-74C1-4751-A6BD-676782B66780}.Debug|x64.Build.0 = Debug|x64
		{F73AE13E-74C1-4751-A6BD-676782B66780}.Debug|x86.ActiveCfg = Debug|Win32
		{F73AE13E-74C1-4751-A6BD-676782B66780}.Debug|x86.Build.0 = Debug|Win32
		{F73AE13E-74C1-4751-A6BD-676782B66780}.Release|x64.ActiveCfg = Release|x64
		{F73AE13E-74C1-4751-A6BD-676782B66780}.Release|x64.Build.0 = Release|x64
		{F73AE13E-74C1-4751-A6BD-676782B66780}.Release|x86.ActiveCfg = Release|Win32
		{F73AE13E-74C1-4751-A6BD-676782B66780}.Release|x86.Build.0 = Release|Win32
		{2B375359-C86C-449A-BF7A-B166E5DD343B}.Debug|x64.ActiveCfg = Debug|x64
		{2B375359-C86C-449A-BF7A-B166E5DD343B}.Debug|x64.Build.0 = Debug|x64
		{2B375359-C86C-449A-BF7A-B166E5DD343B}.Debug|x86.ActiveCfg = Debug|Win32
		{2B375359-C86C-449A-BF7A-B166E5DD343B}.Debug|x86.Build.0 = Debug|Win32
		{2B375359-C86C-449A-BF7A-B166E5DD343B}.Release|x64.ActiveCfg = Release|x64
		{2B375359-C86C-449A-BF7A-B166E5DD343B}.Release|x64.Build.0 = Release|x64
		{2B375359-C86C-449A-BF7A-B166E5DD343B}.Release|x86.ActiveCfg = Release|Win32
		{2B375359-C86C-449A-BF7A-B166E5DD343B}.Release|x86.Build.0 = Release|Win32
	EndGlobalSection
	GlobalSection(SolutionProperties) = preSolution
		HideSolutionNode = FALSE
	EndGlobalSection
	GlobalSection(ExtensibilityGlobals) = postSolution
		SolutionGuid = {7E3EC6B9-BCD3-40BE-8722-E6C663C5DE00}
	EndGlobalSection
EndGlobal
