
Microsoft Visual Studio Solution File, Format Version 12.00
# Visual Studio Version 17
VisualStudioVersion = 17.7.34024.191
MinimumVisualStudioVersion = 10.0.40219.1
Project("{8BC9CEB8-8B4A-11D0-8D11-00A0C91BC942}") = "Task-1", "Task-1\Task-1.vcxproj", "{51E0C1CC-0CD2-4C6E-9A14-38CA6E92AE8E}"
EndProject
Project("{8BC9CEB8-8B4A-11D0-8D11-00A0C91BC942}") = "Task-2", "Task-2\Task-2.vcxproj", "{1CF073E8-5A44-4DBF-9409-445990402189}"
EndProject
Project("{8BC9CEB8-8B4A-11D0-8D11-00A0C91BC942}") = "Task-3", "Task-3\Task-3.vcxproj", "{FD366515-EE4F-460C-A6FA-6D0E99E96375}"
EndProject
Project("{8BC9CEB8-8B4A-11D0-8D11-00A0C91BC942}") = "Task-4", "Task-4\Task-4.vcxproj", "{71BD32EA-B780-42D5-AA38-D6F7EF7947EA}"
EndProject
Project("{8BC9CEB8-8B4A-11D0-8D11-00A0C91BC942}") = "Task-5", "Task-5\Task-5.vcxproj", "{DA772761-B977-4902-A755-6692F162918C}"
EndProject
Project("{8BC9CEB8-8B4A-11D0-8D11-00A0C91BC942}") = "Task-6", "Task-6\Task-6.vcxproj", "{CC197686-728D-48CC-A957-693DF9DFA4AB}"
EndProject
Project("{8BC9CEB8-8B4A-11D0-8D11-00A0C91BC942}") = "Task-7", "Task-7\Task-7.vcxproj", "{CADBDDB3-7584-4142-886B-12128D0FC978}"
EndProject
Project("{8BC9CEB8-8B4A-11D0-8D11-00A0C91BC942}") = "Task-8", "Task-8\Task-8.vcxproj", "{D17C0B87-6A93-47FD-A2B3-CDF90736632D}"
EndProject
Project("{8BC9CEB8-8B4A-11D0-8D11-00A0C91BC942}") = "Task-9", "Task-9\Task-9.vcxproj", "{7E560D68-FD1D-4EE8-8A85-85151C9DA95B}"
EndProject
Project("{8BC9CEB8-8B4A-11D0-8D11-00A0C91BC942}") = "Task-10", "Task-10\Task-10.vcxproj", "{88AD6CFB-18CC-4D65-98B4-8CEA6F448496}"
EndProject
Project("{8BC9CEB8-8B4A-11D0-8D11-00A0C91BC942}") = "Task-11", "Task-11\Task-11.vcxproj", "{0E5CC8D1-23AA-4184-A596-D13B173B54C3}"
EndProject
Project("{8BC9CEB8-8B4A-11D0-8D11-00A0C91BC942}") = "Task-12", "Task-12\Task-12.vcxproj", "{F201AB68-1BCC-4AC1-99B2-F27DF7A98453}"
EndProject
Project("{8BC9CEB8-8B4A-11D0-8D11-00A0C91BC942}") = "Task-13", "Task-13\Task-13.vcxproj", "{AF0C222A-BD1A-4CF3-95B3-C1E8B8B06632}"
EndProject
Project("{8BC9CEB8-8B4A-11D0-8D11-00A0C91BC942}") = "Task-14", "Task-14\Task-14.vcxproj", "{25DAF6B6-7311-49F1-9F9F-BCBEEABB6AA6}"
EndProject
Project("{8BC9CEB8-8B4A-11D0-8D11-00A0C91BC942}") = "Task-15", "Task-15\Task-15.vcxproj", "{11441690-0CF2-4088-B87A-DD1F4A97E8DF}"
EndProject
Project("{8BC9CEB8-8B4A-11D0-8D11-00A0C91BC942}") = "Task-16", "Task-16\Task-16.vcxproj", "{7DAE1351-FAE1-4B7C-A7ED-57728C578459}"
EndProject
Global
	GlobalSection(SolutionConfigurationPlatforms) = preSolution
		Debug|x64 = Debug|x64
		Debug|x86 = Debug|x86
		Release|x64 = Release|x64
		Release|x86 = Release|x86
	EndGlobalSection
	GlobalSection(ProjectConfigurationPlatforms) = postSolution
		{51E0C1CC-0CD2-4C6E-9A14-38CA6E92AE8E}.Debug|x64.ActiveCfg = Debug|x64
		{51E0C1CC-0CD2-4C6E-9A14-38CA6E92AE8E}.Debug|x64.Build.0 = Debug|x64
		{51E0C1CC-0CD2-4C6E-9A14-38CA6E92AE8E}.Debug|x86.ActiveCfg = Debug|Win32
		{51E0C1CC-0CD2-4C6E-9A14-38CA6E92AE8E}.Debug|x86.Build.0 = Debug|Win32
		{51E0C1CC-0CD2-4C6E-9A14-38CA6E92AE8E}.Release|x64.ActiveCfg = Release|x64
		{51E0C1CC-0CD2-4C6E-9A14-38CA6E92AE8E}.Release|x64.Build.0 = Release|x64
		{51E0C1CC-0CD2-4C6E-9A14-38CA6E92AE8E}.Release|x86.ActiveCfg = Release|Win32
		{51E0C1CC-0CD2-4C6E-9A14-38CA6E92AE8E}.Release|x86.Build.0 = Release|Win32
		{1CF073E8-5A44-4DBF-9409-445990402189}.Debug|x64.ActiveCfg = Debug|x64
		{1CF073E8-5A44-4DBF-9409-445990402189}.Debug|x64.Build.0 = Debug|x64
		{1CF073E8-5A44-4DBF-9409-445990402189}.Debug|x86.ActiveCfg = Debug|Win32
		{1CF073E8-5A44-4DBF-9409-445990402189}.Debug|x86.Build.0 = Debug|Win32
		{1CF073E8-5A44-4DBF-9409-445990402189}.Release|x64.ActiveCfg = Release|x64
		{1CF073E8-5A44-4DBF-9409-445990402189}.Release|x64.Build.0 = Release|x64
		{1CF073E8-5A44-4DBF-9409-445990402189}.Release|x86.ActiveCfg = Release|Win32
		{1CF073E8-5A44-4DBF-9409-445990402189}.Release|x86.Build.0 = Release|Win32
		{FD366515-EE4F-460C-A6FA-6D0E99E96375}.Debug|x64.ActiveCfg = Debug|x64
		{FD366515-EE4F-460C-A6FA-6D0E99E96375}.Debug|x64.Build.0 = Debug|x64
		{FD366515-EE4F-460C-A6FA-6D0E99E96375}.Debug|x86.ActiveCfg = Debug|Win32
		{FD366515-EE4F-460C-A6FA-6D0E99E96375}.Debug|x86.Build.0 = Debug|Win32
		{FD366515-EE4F-460C-A6FA-6D0E99E96375}.Release|x64.ActiveCfg = Release|x64
		{FD366515-EE4F-460C-A6FA-6D0E99E96375}.Release|x64.Build.0 = Release|x64
		{FD366515-EE4F-460C-A6FA-6D0E99E96375}.Release|x86.ActiveCfg = Release|Win32
		{FD366515-EE4F-460C-A6FA-6D0E99E96375}.Release|x86.Build.0 = Release|Win32
		{71BD32EA-B780-42D5-AA38-D6F7EF7947EA}.Debug|x64.ActiveCfg = Debug|x64
		{71BD32EA-B780-42D5-AA38-D6F7EF7947EA}.Debug|x64.Build.0 = Debug|x64
		{71BD32EA-B780-42D5-AA38-D6F7EF7947EA}.Debug|x86.ActiveCfg = Debug|Win32
		{71BD32EA-B780-42D5-AA38-D6F7EF7947EA}.Debug|x86.Build.0 = Debug|Win32
		{71BD32EA-B780-42D5-AA38-D6F7EF7947EA}.Release|x64.ActiveCfg = Release|x64
		{71BD32EA-B780-42D5-AA38-D6F7EF7947EA}.Release|x64.Build.0 = Release|x64
		{71BD32EA-B780-42D5-AA38-D6F7EF7947EA}.Release|x86.ActiveCfg = Release|Win32
		{71BD32EA-B780-42D5-AA38-D6F7EF7947EA}.Release|x86.Build.0 = Release|Win32
		{DA772761-B977-4902-A755-6692F162918C}.Debug|x64.ActiveCfg = Debug|x64
		{DA772761-B977-4902-A755-6692F162918C}.Debug|x64.Build.0 = Debug|x64
		{DA772761-B977-4902-A755-6692F162918C}.Debug|x86.ActiveCfg = Debug|Win32
		{DA772761-B977-4902-A755-6692F162918C}.Debug|x86.Build.0 = Debug|Win32
		{DA772761-B977-4902-A755-6692F162918C}.Release|x64.ActiveCfg = Release|x64
		{DA772761-B977-4902-A755-6692F162918C}.Release|x64.Build.0 = Release|x64
		{DA772761-B977-4902-A755-6692F162918C}.Release|x86.ActiveCfg = Release|Win32
		{DA772761-B977-4902-A755-6692F162918C}.Release|x86.Build.0 = Release|Win32
		{CC197686-728D-48CC-A957-693DF9DFA4AB}.Debug|x64.ActiveCfg = Debug|x64
		{CC197686-728D-48CC-A957-693DF9DFA4AB}.Debug|x64.Build.0 = Debug|x64
		{CC197686-728D-48CC-A957-693DF9DFA4AB}.Debug|x86.ActiveCfg = Debug|Win32
		{CC197686-728D-48CC-A957-693DF9DFA4AB}.Debug|x86.Build.0 = Debug|Win32
		{CC197686-728D-48CC-A957-693DF9DFA4AB}.Release|x64.ActiveCfg = Release|x64
		{CC197686-728D-48CC-A957-693DF9DFA4AB}.Release|x64.Build.0 = Release|x64
		{CC197686-728D-48CC-A957-693DF9DFA4AB}.Release|x86.ActiveCfg = Release|Win32
		{CC197686-728D-48CC-A957-693DF9DFA4AB}.Release|x86.Build.0 = Release|Win32
		{CADBDDB3-7584-4142-886B-12128D0FC978}.Debug|x64.ActiveCfg = Debug|x64
		{CADBDDB3-7584-4142-886B-12128D0FC978}.Debug|x64.Build.0 = Debug|x64
		{CADBDDB3-7584-4142-886B-12128D0FC978}.Debug|x86.ActiveCfg = Debug|Win32
		{CADBDDB3-7584-4142-886B-12128D0FC978}.Debug|x86.Build.0 = Debug|Win32
		{CADBDDB3-7584-4142-886B-12128D0FC978}.Release|x64.ActiveCfg = Release|x64
		{CADBDDB3-7584-4142-886B-12128D0FC978}.Release|x64.Build.0 = Release|x64
		{CADBDDB3-7584-4142-886B-12128D0FC978}.Release|x86.ActiveCfg = Release|Win32
		{CADBDDB3-7584-4142-886B-12128D0FC978}.Release|x86.Build.0 = Release|Win32
		{D17C0B87-6A93-47FD-A2B3-CDF90736632D}.Debug|x64.ActiveCfg = Debug|x64
		{D17C0B87-6A93-47FD-A2B3-CDF90736632D}.Debug|x64.Build.0 = Debug|x64
		{D17C0B87-6A93-47FD-A2B3-CDF90736632D}.Debug|x86.ActiveCfg = Debug|Win32
		{D17C0B87-6A93-47FD-A2B3-CDF90736632D}.Debug|x86.Build.0 = Debug|Win32
		{D17C0B87-6A93-47FD-A2B3-CDF90736632D}.Release|x64.ActiveCfg = Release|x64
		{D17C0B87-6A93-47FD-A2B3-CDF90736632D}.Release|x64.Build.0 = Release|x64
		{D17C0B87-6A93-47FD-A2B3-CDF90736632D}.Release|x86.ActiveCfg = Release|Win32
		{D17C0B87-6A93-47FD-A2B3-CDF90736632D}.Release|x86.Build.0 = Release|Win32
		{7E560D68-FD1D-4EE8-8A85-85151C9DA95B}.Debug|x64.ActiveCfg = Debug|x64
		{7E560D68-FD1D-4EE8-8A85-85151C9DA95B}.Debug|x64.Build.0 = Debug|x64
		{7E560D68-FD1D-4EE8-8A85-85151C9DA95B}.Debug|x86.ActiveCfg = Debug|Win32
		{7E560D68-FD1D-4EE8-8A85-85151C9DA95B}.Debug|x86.Build.0 = Debug|Win32
		{7E560D68-FD1D-4EE8-8A85-85151C9DA95B}.Release|x64.ActiveCfg = Release|x64
		{7E560D68-FD1D-4EE8-8A85-85151C9DA95B}.Release|x64.Build.0 = Release|x64
		{7E560D68-FD1D-4EE8-8A85-85151C9DA95B}.Release|x86.ActiveCfg = Release|Win32
		{7E560D68-FD1D-4EE8-8A85-85151C9DA95B}.Release|x86.Build.0 = Release|Win32
		{88AD6CFB-18CC-4D65-98B4-8CEA6F448496}.Debug|x64.ActiveCfg = Debug|x64
		{88AD6CFB-18CC-4D65-98B4-8CEA6F448496}.Debug|x64.Build.0 = Debug|x64
		{88AD6CFB-18CC-4D65-98B4-8CEA6F448496}.Debug|x86.ActiveCfg = Debug|Win32
		{88AD6CFB-18CC-4D65-98B4-8CEA6F448496}.Debug|x86.Build.0 = Debug|Win32
		{88AD6CFB-18CC-4D65-98B4-8CEA6F448496}.Release|x64.ActiveCfg = Release|x64
		{88AD6CFB-18CC-4D65-98B4-8CEA6F448496}.Release|x64.Build.0 = Release|x64
		{88AD6CFB-18CC-4D65-98B4-8CEA6F448496}.Release|x86.ActiveCfg = Release|Win32
		{88AD6CFB-18CC-4D65-98B4-8CEA6F448496}.Release|x86.Build.0 = Release|Win32
		{0E5CC8D1-23AA-4184-A596-D13B173B54C3}.Debug|x64.ActiveCfg = Debug|x64
		{0E5CC8D1-23AA-4184-A596-D13B173B54C3}.Debug|x64.Build.0 = Debug|x64
		{0E5CC8D1-23AA-4184-A596-D13B173B54C3}.Debug|x86.ActiveCfg = Debug|Win32
		{0E5CC8D1-23AA-4184-A596-D13B173B54C3}.Debug|x86.Build.0 = Debug|Win32
		{0E5CC8D1-23AA-4184-A596-D13B173B54C3}.Release|x64.ActiveCfg = Release|x64
		{0E5CC8D1-23AA-4184-A596-D13B173B54C3}.Release|x64.Build.0 = Release|x64
		{0E5CC8D1-23AA-4184-A596-D13B173B54C3}.Release|x86.ActiveCfg = Release|Win32
		{0E5CC8D1-23AA-4184-A596-D13B173B54C3}.Release|x86.Build.0 = Release|Win32
		{F201AB68-1BCC-4AC1-99B2-F27DF7A98453}.Debug|x64.ActiveCfg = Debug|x64
		{F201AB68-1BCC-4AC1-99B2-F27DF7A98453}.Debug|x64.Build.0 = Debug|x64
		{F201AB68-1BCC-4AC1-99B2-F27DF7A98453}.Debug|x86.ActiveCfg = Debug|Win32
		{F201AB68-1BCC-4AC1-99B2-F27DF7A98453}.Debug|x86.Build.0 = Debug|Win32
		{F201AB68-1BCC-4AC1-99B2-F27DF7A98453}.Release|x64.ActiveCfg = Release|x64
		{F201AB68-1BCC-4AC1-99B2-F27DF7A98453}.Release|x64.Build.0 = Release|x64
		{F201AB68-1BCC-4AC1-99B2-F27DF7A98453}.Release|x86.ActiveCfg = Release|Win32
		{F201AB68-1BCC-4AC1-99B2-F27DF7A98453}.Release|x86.Build.0 = Release|Win32
		{AF0C222A-BD1A-4CF3-95B3-C1E8B8B06632}.Debug|x64.ActiveCfg = Debug|x64
		{AF0C222A-BD1A-4CF3-95B3-C1E8B8B06632}.Debug|x64.Build.0 = Debug|x64
		{AF0C222A-BD1A-4CF3-95B3-C1E8B8B06632}.Debug|x86.ActiveCfg = Debug|Win32
		{AF0C222A-BD1A-4CF3-95B3-C1E8B8B06632}.Debug|x86.Build.0 = Debug|Win32
		{AF0C222A-BD1A-4CF3-95B3-C1E8B8B06632}.Release|x64.ActiveCfg = Release|x64
		{AF0C222A-BD1A-4CF3-95B3-C1E8B8B06632}.Release|x64.Build.0 = Release|x64
		{AF0C222A-BD1A-4CF3-95B3-C1E8B8B06632}.Release|x86.ActiveCfg = Release|Win32
		{AF0C222A-BD1A-4CF3-95B3-C1E8B8B06632}.Release|x86.Build.0 = Release|Win32
		{25DAF6B6-7311-49F1-9F9F-BCBEEABB6AA6}.Debug|x64.ActiveCfg = Debug|x64
		{25DAF6B6-7311-49F1-9F9F-BCBEEABB6AA6}.Debug|x64.Build.0 = Debug|x64
		{25DAF6B6-7311-49F1-9F9F-BCBEEABB6AA6}.Debug|x86.ActiveCfg = Debug|Win32
		{25DAF6B6-7311-49F1-9F9F-BCBEEABB6AA6}.Debug|x86.Build.0 = Debug|Win32
		{25DAF6B6-7311-49F1-9F9F-BCBEEABB6AA6}.Release|x64.ActiveCfg = Release|x64
		{25DAF6B6-7311-49F1-9F9F-BCBEEABB6AA6}.Release|x64.Build.0 = Release|x64
		{25DAF6B6-7311-49F1-9F9F-BCBEEABB6AA6}.Release|x86.ActiveCfg = Release|Win32
		{25DAF6B6-7311-49F1-9F9F-BCBEEABB6AA6}.Release|x86.Build.0 = Release|Win32
		{11441690-0CF2-4088-B87A-DD1F4A97E8DF}.Debug|x64.ActiveCfg = Debug|x64
		{11441690-0CF2-4088-B87A-DD1F4A97E8DF}.Debug|x64.Build.0 = Debug|x64
		{11441690-0CF2-4088-B87A-DD1F4A97E8DF}.Debug|x86.ActiveCfg = Debug|Win32
		{11441690-0CF2-4088-B87A-DD1F4A97E8DF}.Debug|x86.Build.0 = Debug|Win32
		{11441690-0CF2-4088-B87A-DD1F4A97E8DF}.Release|x64.ActiveCfg = Release|x64
		{11441690-0CF2-4088-B87A-DD1F4A97E8DF}.Release|x64.Build.0 = Release|x64
		{11441690-0CF2-4088-B87A-DD1F4A97E8DF}.Release|x86.ActiveCfg = Release|Win32
		{11441690-0CF2-4088-B87A-DD1F4A97E8DF}.Release|x86.Build.0 = Release|Win32
		{7DAE1351-FAE1-4B7C-A7ED-57728C578459}.Debug|x64.ActiveCfg = Debug|x64
		{7DAE1351-FAE1-4B7C-A7ED-57728C578459}.Debug|x64.Build.0 = Debug|x64
		{7DAE1351-FAE1-4B7C-A7ED-57728C578459}.Debug|x86.ActiveCfg = Debug|Win32
		{7DAE1351-FAE1-4B7C-A7ED-57728C578459}.Debug|x86.Build.0 = Debug|Win32
		{7DAE1351-FAE1-4B7C-A7ED-57728C578459}.Release|x64.ActiveCfg = Release|x64
		{7DAE1351-FAE1-4B7C-A7ED-57728C578459}.Release|x64.Build.0 = Release|x64
		{7DAE1351-FAE1-4B7C-A7ED-57728C578459}.Release|x86.ActiveCfg = Release|Win32
		{7DAE1351-FAE1-4B7C-A7ED-57728C578459}.Release|x86.Build.0 = Release|Win32
	EndGlobalSection
	GlobalSection(SolutionProperties) = preSolution
		HideSolutionNode = FALSE
	EndGlobalSection
	GlobalSection(ExtensibilityGlobals) = postSolution
		SolutionGuid = {79BF2526-391D-477E-A292-7084D0670998}
	EndGlobalSection
EndGlobal
