
Microsoft Visual Studio Solution File, Format Version 12.00
# Visual Studio Version 17
VisualStudioVersion = 17.7.34024.191
MinimumVisualStudioVersion = 10.0.40219.1
Project("{8BC9CEB8-8B4A-11D0-8D11-00A0C91BC942}") = "Task-3", "Task-3\Task-3.vcxproj", "{98624E86-4D3C-46DE-BA49-8F38F6D3F8FB}"
EndProject
Project("{8BC9CEB8-8B4A-11D0-8D11-00A0C91BC942}") = "Task-4", "Task-4\Task-4.vcxproj", "{9D7D34B7-6013-429B-9220-F238A409668C}"
EndProject
Project("{8BC9CEB8-8B4A-11D0-8D11-00A0C91BC942}") = "Task-5", "Task-5\Task-5.vcxproj", "{84EB3E5A-02EC-4F20-BCE6-F8504E0CD4C3}"
EndProject
Project("{8BC9CEB8-8B4A-11D0-8D11-00A0C91BC942}") = "Task-7", "Task-7\Task-7.vcxproj", "{4E3E88B4-A6F1-4E23-AA44-3CABB8049C5B}"
EndProject
Project("{8BC9CEB8-8B4A-11D0-8D11-00A0C91BC942}") = "Task-6", "Task-6\Task-6.vcxproj", "{56376193-CC22-4879-A4CC-2E02D44A5F65}"
EndProject
Project("{8BC9CEB8-8B4A-11D0-8D11-00A0C91BC942}") = "Task-1", "Task-1\Task-1.vcxproj", "{65544896-003E-4726-9DB2-7AB80195EF85}"
EndProject
Project("{8BC9CEB8-8B4A-11D0-8D11-00A0C91BC942}") = "Task-2", "Task-2\Task-2.vcxproj", "{14595850-D04F-4F2E-BE5C-8CFBE50A9EEF}"
EndProject
Global
	GlobalSection(SolutionConfigurationPlatforms) = preSolution
		Debug|x64 = Debug|x64
		Debug|x86 = Debug|x86
		Release|x64 = Release|x64
		Release|x86 = Release|x86
	EndGlobalSection
	GlobalSection(ProjectConfigurationPlatforms) = postSolution
		{98624E86-4D3C-46DE-BA49-8F38F6D3F8FB}.Debug|x64.ActiveCfg = Debug|x64
		{98624E86-4D3C-46DE-BA49-8F38F6D3F8FB}.Debug|x64.Build.0 = Debug|x64
		{98624E86-4D3C-46DE-BA49-8F38F6D3F8FB}.Debug|x86.ActiveCfg = Debug|Win32
		{98624E86-4D3C-46DE-BA49-8F38F6D3F8FB}.Debug|x86.Build.0 = Debug|Win32
		{98624E86-4D3C-46DE-BA49-8F38F6D3F8FB}.Release|x64.ActiveCfg = Release|x64
		{98624E86-4D3C-46DE-BA49-8F38F6D3F8FB}.Release|x64.Build.0 = Release|x64
		{98624E86-4D3C-46DE-BA49-8F38F6D3F8FB}.Release|x86.ActiveCfg = Release|Win32
		{98624E86-4D3C-46DE-BA49-8F38F6D3F8FB}.Release|x86.Build.0 = Release|Win32
		{9D7D34B7-6013-429B-9220-F238A409668C}.Debug|x64.ActiveCfg = Debug|x64
		{9D7D34B7-6013-429B-9220-F238A409668C}.Debug|x64.Build.0 = Debug|x64
		{9D7D34B7-6013-429B-9220-F238A409668C}.Debug|x86.ActiveCfg = Debug|Win32
		{9D7D34B7-6013-429B-9220-F238A409668C}.Debug|x86.Build.0 = Debug|Win32
		{9D7D34B7-6013-429B-9220-F238A409668C}.Release|x64.ActiveCfg = Release|x64
		{9D7D34B7-6013-429B-9220-F238A409668C}.Release|x64.Build.0 = Release|x64
		{9D7D34B7-6013-429B-9220-F238A409668C}.Release|x86.ActiveCfg = Release|Win32
		{9D7D34B7-6013-429B-9220-F238A409668C}.Release|x86.Build.0 = Release|Win32
		{84EB3E5A-02EC-4F20-BCE6-F8504E0CD4C3}.Debug|x64.ActiveCfg = Debug|x64
		{84EB3E5A-02EC-4F20-BCE6-F8504E0CD4C3}.Debug|x64.Build.0 = Debug|x64
		{84EB3E5A-02EC-4F20-BCE6-F8504E0CD4C3}.Debug|x86.ActiveCfg = Debug|Win32
		{84EB3E5A-02EC-4F20-BCE6-F8504E0CD4C3}.Debug|x86.Build.0 = Debug|Win32
		{84EB3E5A-02EC-4F20-BCE6-F8504E0CD4C3}.Release|x64.ActiveCfg = Release|x64
		{84EB3E5A-02EC-4F20-BCE6-F8504E0CD4C3}.Release|x64.Build.0 = Release|x64
		{84EB3E5A-02EC-4F20-BCE6-F8504E0CD4C3}.Release|x86.ActiveCfg = Release|Win32
		{84EB3E5A-02EC-4F20-BCE6-F8504E0CD4C3}.Release|x86.Build.0 = Release|Win32
		{4E3E88B4-A6F1-4E23-AA44-3CABB8049C5B}.Debug|x64.ActiveCfg = Debug|x64
		{4E3E88B4-A6F1-4E23-AA44-3CABB8049C5B}.Debug|x64.Build.0 = Debug|x64
		{4E3E88B4-A6F1-4E23-AA44-3CABB8049C5B}.Debug|x86.ActiveCfg = Debug|Win32
		{4E3E88B4-A6F1-4E23-AA44-3CABB8049C5B}.Debug|x86.Build.0 = Debug|Win32
		{4E3E88B4-A6F1-4E23-AA44-3CABB8049C5B}.Release|x64.ActiveCfg = Release|x64
		{4E3E88B4-A6F1-4E23-AA44-3CABB8049C5B}.Release|x64.Build.0 = Release|x64
		{4E3E88B4-A6F1-4E23-AA44-3CABB8049C5B}.Release|x86.ActiveCfg = Release|Win32
		{4E3E88B4-A6F1-4E23-AA44-3CABB8049C5B}.Release|x86.Build.0 = Release|Win32
		{56376193-CC22-4879-A4CC-2E02D44A5F65}.Debug|x64.ActiveCfg = Debug|x64
		{56376193-CC22-4879-A4CC-2E02D44A5F65}.Debug|x64.Build.0 = Debug|x64
		{56376193-CC22-4879-A4CC-2E02D44A5F65}.Debug|x86.ActiveCfg = Debug|Win32
		{56376193-CC22-4879-A4CC-2E02D44A5F65}.Debug|x86.Build.0 = Debug|Win32
		{56376193-CC22-4879-A4CC-2E02D44A5F65}.Release|x64.ActiveCfg = Release|x64
		{56376193-CC22-4879-A4CC-2E02D44A5F65}.Release|x64.Build.0 = Release|x64
		{56376193-CC22-4879-A4CC-2E02D44A5F65}.Release|x86.ActiveCfg = Release|Win32
		{56376193-CC22-4879-A4CC-2E02D44A5F65}.Release|x86.Build.0 = Release|Win32
		{65544896-003E-4726-9DB2-7AB80195EF85}.Debug|x64.ActiveCfg = Debug|x64
		{65544896-003E-4726-9DB2-7AB80195EF85}.Debug|x64.Build.0 = Debug|x64
		{65544896-003E-4726-9DB2-7AB80195EF85}.Debug|x86.ActiveCfg = Debug|Win32
		{65544896-003E-4726-9DB2-7AB80195EF85}.Debug|x86.Build.0 = Debug|Win32
		{65544896-003E-4726-9DB2-7AB80195EF85}.Release|x64.ActiveCfg = Release|x64
		{65544896-003E-4726-9DB2-7AB80195EF85}.Release|x64.Build.0 = Release|x64
		{65544896-003E-4726-9DB2-7AB80195EF85}.Release|x86.ActiveCfg = Release|Win32
		{65544896-003E-4726-9DB2-7AB80195EF85}.Release|x86.Build.0 = Release|Win32
		{14595850-D04F-4F2E-BE5C-8CFBE50A9EEF}.Debug|x64.ActiveCfg = Debug|x64
		{14595850-D04F-4F2E-BE5C-8CFBE50A9EEF}.Debug|x64.Build.0 = Debug|x64
		{14595850-D04F-4F2E-BE5C-8CFBE50A9EEF}.Debug|x86.ActiveCfg = Debug|Win32
		{14595850-D04F-4F2E-BE5C-8CFBE50A9EEF}.Debug|x86.Build.0 = Debug|Win32
		{14595850-D04F-4F2E-BE5C-8CFBE50A9EEF}.Release|x64.ActiveCfg = Release|x64
		{14595850-D04F-4F2E-BE5C-8CFBE50A9EEF}.Release|x64.Build.0 = Release|x64
		{14595850-D04F-4F2E-BE5C-8CFBE50A9EEF}.Release|x86.ActiveCfg = Release|Win32
		{14595850-D04F-4F2E-BE5C-8CFBE50A9EEF}.Release|x86.Build.0 = Release|Win32
	EndGlobalSection
	GlobalSection(SolutionProperties) = preSolution
		HideSolutionNode = FALSE
	EndGlobalSection
	GlobalSection(ExtensibilityGlobals) = postSolution
		SolutionGuid = {8FE39CDB-E950-470B-9BB9-9EC011782A0E}
	EndGlobalSection
EndGlobal
